
Microsoft Visual Studio Solution File, Format Version 12.00
# Visual Studio Version 16
VisualStudioVersion = 16.0.30114.105
MinimumVisualStudioVersion = 10.0.40219.1
Project("{F2A71F9B-5D33-465A-A702-920D77279786}") = "Fable.Cumcord", "src\Fable.Cumcord.fsproj", "{FEC453DF-327E-4AD1-8D38-33A4847260DE}"
EndProject
Global
	GlobalSection(SolutionConfigurationPlatforms) = preSolution
		Debug|Any CPU = Debug|Any CPU
		Debug|x64 = Debug|x64
		Debug|x86 = Debug|x86
		Release|Any CPU = Release|Any CPU
		Release|x64 = Release|x64
		Release|x86 = Release|x86
	EndGlobalSection
	GlobalSection(SolutionProperties) = preSolution
		HideSolutionNode = FALSE
	EndGlobalSection
	GlobalSection(ProjectConfigurationPlatforms) = postSolution
		{FEC453DF-327E-4AD1-8D38-33A4847260DE}.Debug|Any CPU.ActiveCfg = Debug|Any CPU
		{FEC453DF-327E-4AD1-8D38-33A4847260DE}.Debug|Any CPU.Build.0 = Debug|Any CPU
		{FEC453DF-327E-4AD1-8D38-33A4847260DE}.Debug|x64.ActiveCfg = Debug|Any CPU
		{FEC453DF-327E-4AD1-8D38-33A4847260DE}.Debug|x64.Build.0 = Debug|Any CPU
		{FEC453DF-327E-4AD1-8D38-33A4847260DE}.Debug|x86.ActiveCfg = Debug|Any CPU
		{FEC453DF-327E-4AD1-8D38-33A4847260DE}.Debug|x86.Build.0 = Debug|Any CPU
		{FEC453DF-327E-4AD1-8D38-33A4847260DE}.Release|Any CPU.ActiveCfg = Release|Any CPU
		{FEC453DF-327E-4AD1-8D38-33A4847260DE}.Release|Any CPU.Build.0 = Release|Any CPU
		{FEC453DF-327E-4AD1-8D38-33A4847260DE}.Release|x64.ActiveCfg = Release|Any CPU
		{FEC453DF-327E-4AD1-8D38-33A4847260DE}.Release|x64.Build.0 = Release|Any CPU
		{FEC453DF-327E-4AD1-8D38-33A4847260DE}.Release|x86.ActiveCfg = Release|Any CPU
		{FEC453DF-327E-4AD1-8D38-33A4847260DE}.Release|x86.Build.0 = Release|Any CPU
	EndGlobalSection
EndGlobal
